<Solution>
  <Project Path="Debugger/Debugger.csproj" />
  <Project Path="Examples/Examples.csproj" />
  <Project Path="Source/Core.csproj" />
  <Project Path="Tests/Tests.csproj" />
  <Project Path="Utility/Utility.csproj" />
  <Project Path="../DebugServer/DebugServer.csproj" />
  <Project Path="../LanguageServer/LanguageServer.csproj" />
  <Project Path="../SpeedTests/Benchmarks.csproj" />
</Solution>
